
Microsoft Visual Studio Solution File, Format Version 12.00
# Visual Studio Version 17
VisualStudioVersion = 17.8.34525.116
MinimumVisualStudioVersion = 10.0.40219.1
Project("{2150E333-8FDC-42A3-9474-1A3956D46DE8}") = "TEMA 1", "TEMA 1", "{8661E0DC-2BCA-4812-8B23-4F5B033F9F61}"
EndProject
Project("{2150E333-8FDC-42A3-9474-1A3956D46DE8}") = "TEMA 2", "TEMA 2", "{1D9FD142-3A98-43FA-9575-9755D5694F09}"
EndProject
Project("{2150E333-8FDC-42A3-9474-1A3956D46DE8}") = "TEMA 3", "TEMA 3", "{33CC11BC-A01F-4B00-A53C-32880E941A3E}"
EndProject
Project("{2150E333-8FDC-42A3-9474-1A3956D46DE8}") = "TEMA 4", "TEMA 4", "{696716D8-D97B-4DA6-A78E-F389E10134CD}"
EndProject
Project("{9A19103F-16F7-4668-BE54-9A1E7A4F7556}") = "COD 2.2", "COD 2.2\COD 2.2.csproj", "{5CAC82EE-4187-4487-9C10-2CF1C4F5BE3C}"
EndProject
Project("{9A19103F-16F7-4668-BE54-9A1E7A4F7556}") = "COD 2.3", "COD 2.3\COD 2.3.csproj", "{B6842449-4F96-4EA6-BA65-F839831A8610}"
EndProject
Project("{9A19103F-16F7-4668-BE54-9A1E7A4F7556}") = "COD 2.4", "COD 2.4\COD 2.4.csproj", "{2CEC108E-BB4F-4831-A412-40C47E153864}"
EndProject
Project("{9A19103F-16F7-4668-BE54-9A1E7A4F7556}") = "COD 2.5", "COD 2.5\COD 2.5.csproj", "{094ABE44-2D26-4250-BA99-08B90918E4C2}"
EndProject
Project("{9A19103F-16F7-4668-BE54-9A1E7A4F7556}") = "COD 3.2", "COD 3.2\COD 3.2.csproj", "{B681BB05-1822-468B-B331-5B2E6A7276B6}"
EndProject
Project("{9A19103F-16F7-4668-BE54-9A1E7A4F7556}") = "COD 3.3", "COD 3.3\COD 3.3.csproj", "{0C4CB544-1F36-403F-95EE-51255D1B23CB}"
EndProject
Project("{9A19103F-16F7-4668-BE54-9A1E7A4F7556}") = "COD 1.3", "COD 1.3\COD 1.3.csproj", "{1BC0589E-4D4B-4836-97D0-1E5EB3F30831}"
EndProject
Project("{9A19103F-16F7-4668-BE54-9A1E7A4F7556}") = "COD 3.4", "COD 3.4\COD 3.4.csproj", "{C0E9727B-C010-44C9-90E3-2AC219A2A6FA}"
EndProject
Project("{9A19103F-16F7-4668-BE54-9A1E7A4F7556}") = "COD 3.5", "COD 3.5\COD 3.5.csproj", "{C5C2B32F-F66F-4BCE-BD2F-EFA25EAEF1DB}"
EndProject
Project("{9A19103F-16F7-4668-BE54-9A1E7A4F7556}") = "COD 4.2", "COD 4.2\COD 4.2.csproj", "{5DBA89A7-C102-4B81-9141-E12A4D8BA302}"
EndProject
Project("{9A19103F-16F7-4668-BE54-9A1E7A4F7556}") = "COD 4.3", "COD 4.3\COD 4.3.csproj", "{23D5D5BA-4239-4D3C-B24E-FC617FA77B5B}"
EndProject
Project("{9A19103F-16F7-4668-BE54-9A1E7A4F7556}") = "COD 4.4", "COD 4.4\COD 4.4.csproj", "{6CD31215-F2C9-4026-B806-D6C18AF92C10}"
EndProject
Project("{9A19103F-16F7-4668-BE54-9A1E7A4F7556}") = "COD 4.5", "COD 4.5\COD 4.5.csproj", "{E968B798-2639-4C4F-A244-40AAC910570E}"
EndProject
Project("{FAE04EC0-301F-11D3-BF4B-00C04F79EFBC}") = "COD 3.1", "COD 3.1\COD 3.1.csproj", "{1DAB9140-413A-4BD0-9165-63D32102E4D3}"
EndProject
Project("{FAE04EC0-301F-11D3-BF4B-00C04F79EFBC}") = "COD 1.1", "COD 1.1\COD 1.1.csproj", "{8174E378-68CC-48C9-B63E-DEB7CC10ED37}"
EndProject
Project("{FAE04EC0-301F-11D3-BF4B-00C04F79EFBC}") = "COD 4.1", "COD 4.1\COD 4.1.csproj", "{DEAC084D-24B8-4FEA-8708-D1DBF4C24AD2}"
EndProject
Project("{FAE04EC0-301F-11D3-BF4B-00C04F79EFBC}") = "COD 2.1", "COD 2.1\COD 2.1.csproj", "{5B745540-C371-486F-A268-94D088FF18C6}"
EndProject
Project("{FAE04EC0-301F-11D3-BF4B-00C04F79EFBC}") = "COD 1.2", "COD 1.2\COD 1.2.csproj", "{7E618B7E-FC32-4468-90F4-1210AB67F1BC}"
EndProject
Project("{FAE04EC0-301F-11D3-BF4B-00C04F79EFBC}") = "COD 1.4", "COD 1.4\COD 1.4.csproj", "{5E4AE9F4-391B-44BC-932E-8B400CEB3DD6}"
EndProject
Project("{FAE04EC0-301F-11D3-BF4B-00C04F79EFBC}") = "COD 1.5", "COD 1.5\COD 1.5.csproj", "{A0F801AF-F061-412F-ABAB-74496B847E2D}"
EndProject
Global
	GlobalSection(SolutionConfigurationPlatforms) = preSolution
		Debug|Any CPU = Debug|Any CPU
		Release|Any CPU = Release|Any CPU
	EndGlobalSection
	GlobalSection(ProjectConfigurationPlatforms) = postSolution
		{5CAC82EE-4187-4487-9C10-2CF1C4F5BE3C}.Debug|Any CPU.ActiveCfg = Debug|Any CPU
		{5CAC82EE-4187-4487-9C10-2CF1C4F5BE3C}.Debug|Any CPU.Build.0 = Debug|Any CPU
		{5CAC82EE-4187-4487-9C10-2CF1C4F5BE3C}.Release|Any CPU.ActiveCfg = Release|Any CPU
		{5CAC82EE-4187-4487-9C10-2CF1C4F5BE3C}.Release|Any CPU.Build.0 = Release|Any CPU
		{B6842449-4F96-4EA6-BA65-F839831A8610}.Debug|Any CPU.ActiveCfg = Debug|Any CPU
		{B6842449-4F96-4EA6-BA65-F839831A8610}.Debug|Any CPU.Build.0 = Debug|Any CPU
		{B6842449-4F96-4EA6-BA65-F839831A8610}.Release|Any CPU.ActiveCfg = Release|Any CPU
		{B6842449-4F96-4EA6-BA65-F839831A8610}.Release|Any CPU.Build.0 = Release|Any CPU
		{2CEC108E-BB4F-4831-A412-40C47E153864}.Debug|Any CPU.ActiveCfg = Debug|Any CPU
		{2CEC108E-BB4F-4831-A412-40C47E153864}.Debug|Any CPU.Build.0 = Debug|Any CPU
		{2CEC108E-BB4F-4831-A412-40C47E153864}.Release|Any CPU.ActiveCfg = Release|Any CPU
		{2CEC108E-BB4F-4831-A412-40C47E153864}.Release|Any CPU.Build.0 = Release|Any CPU
		{094ABE44-2D26-4250-BA99-08B90918E4C2}.Debug|Any CPU.ActiveCfg = Debug|Any CPU
		{094ABE44-2D26-4250-BA99-08B90918E4C2}.Debug|Any CPU.Build.0 = Debug|Any CPU
		{094ABE44-2D26-4250-BA99-08B90918E4C2}.Release|Any CPU.ActiveCfg = Release|Any CPU
		{094ABE44-2D26-4250-BA99-08B90918E4C2}.Release|Any CPU.Build.0 = Release|Any CPU
		{B681BB05-1822-468B-B331-5B2E6A7276B6}.Debug|Any CPU.ActiveCfg = Debug|Any CPU
		{B681BB05-1822-468B-B331-5B2E6A7276B6}.Debug|Any CPU.Build.0 = Debug|Any CPU
		{B681BB05-1822-468B-B331-5B2E6A7276B6}.Release|Any CPU.ActiveCfg = Release|Any CPU
		{B681BB05-1822-468B-B331-5B2E6A7276B6}.Release|Any CPU.Build.0 = Release|Any CPU
		{0C4CB544-1F36-403F-95EE-51255D1B23CB}.Debug|Any CPU.ActiveCfg = Debug|Any CPU
		{0C4CB544-1F36-403F-95EE-51255D1B23CB}.Debug|Any CPU.Build.0 = Debug|Any CPU
		{0C4CB544-1F36-403F-95EE-51255D1B23CB}.Release|Any CPU.ActiveCfg = Release|Any CPU
		{0C4CB544-1F36-403F-95EE-51255D1B23CB}.Release|Any CPU.Build.0 = Release|Any CPU
		{1BC0589E-4D4B-4836-97D0-1E5EB3F30831}.Debug|Any CPU.ActiveCfg = Debug|Any CPU
		{1BC0589E-4D4B-4836-97D0-1E5EB3F30831}.Debug|Any CPU.Build.0 = Debug|Any CPU
		{1BC0589E-4D4B-4836-97D0-1E5EB3F30831}.Release|Any CPU.ActiveCfg = Release|Any CPU
		{1BC0589E-4D4B-4836-97D0-1E5EB3F30831}.Release|Any CPU.Build.0 = Release|Any CPU
		{C0E9727B-C010-44C9-90E3-2AC219A2A6FA}.Debug|Any CPU.ActiveCfg = Debug|Any CPU
		{C0E9727B-C010-44C9-90E3-2AC219A2A6FA}.Debug|Any CPU.Build.0 = Debug|Any CPU
		{C0E9727B-C010-44C9-90E3-2AC219A2A6FA}.Release|Any CPU.ActiveCfg = Release|Any CPU
		{C0E9727B-C010-44C9-90E3-2AC219A2A6FA}.Release|Any CPU.Build.0 = Release|Any CPU
		{C5C2B32F-F66F-4BCE-BD2F-EFA25EAEF1DB}.Debug|Any CPU.ActiveCfg = Debug|Any CPU
		{C5C2B32F-F66F-4BCE-BD2F-EFA25EAEF1DB}.Debug|Any CPU.Build.0 = Debug|Any CPU
		{C5C2B32F-F66F-4BCE-BD2F-EFA25EAEF1DB}.Release|Any CPU.ActiveCfg = Release|Any CPU
		{C5C2B32F-F66F-4BCE-BD2F-EFA25EAEF1DB}.Release|Any CPU.Build.0 = Release|Any CPU
		{5DBA89A7-C102-4B81-9141-E12A4D8BA302}.Debug|Any CPU.ActiveCfg = Debug|Any CPU
		{5DBA89A7-C102-4B81-9141-E12A4D8BA302}.Debug|Any CPU.Build.0 = Debug|Any CPU
		{5DBA89A7-C102-4B81-9141-E12A4D8BA302}.Release|Any CPU.ActiveCfg = Release|Any CPU
		{5DBA89A7-C102-4B81-9141-E12A4D8BA302}.Release|Any CPU.Build.0 = Release|Any CPU
		{23D5D5BA-4239-4D3C-B24E-FC617FA77B5B}.Debug|Any CPU.ActiveCfg = Debug|Any CPU
		{23D5D5BA-4239-4D3C-B24E-FC617FA77B5B}.Debug|Any CPU.Build.0 = Debug|Any CPU
		{23D5D5BA-4239-4D3C-B24E-FC617FA77B5B}.Release|Any CPU.ActiveCfg = Release|Any CPU
		{23D5D5BA-4239-4D3C-B24E-FC617FA77B5B}.Release|Any CPU.Build.0 = Release|Any CPU
		{6CD31215-F2C9-4026-B806-D6C18AF92C10}.Debug|Any CPU.ActiveCfg = Debug|Any CPU
		{6CD31215-F2C9-4026-B806-D6C18AF92C10}.Debug|Any CPU.Build.0 = Debug|Any CPU
		{6CD31215-F2C9-4026-B806-D6C18AF92C10}.Release|Any CPU.ActiveCfg = Release|Any CPU
		{6CD31215-F2C9-4026-B806-D6C18AF92C10}.Release|Any CPU.Build.0 = Release|Any CPU
		{E968B798-2639-4C4F-A244-40AAC910570E}.Debug|Any CPU.ActiveCfg = Debug|Any CPU
		{E968B798-2639-4C4F-A244-40AAC910570E}.Debug|Any CPU.Build.0 = Debug|Any CPU
		{E968B798-2639-4C4F-A244-40AAC910570E}.Release|Any CPU.ActiveCfg = Release|Any CPU
		{E968B798-2639-4C4F-A244-40AAC910570E}.Release|Any CPU.Build.0 = Release|Any CPU
		{1DAB9140-413A-4BD0-9165-63D32102E4D3}.Debug|Any CPU.ActiveCfg = Debug|Any CPU
		{1DAB9140-413A-4BD0-9165-63D32102E4D3}.Debug|Any CPU.Build.0 = Debug|Any CPU
		{1DAB9140-413A-4BD0-9165-63D32102E4D3}.Release|Any CPU.ActiveCfg = Release|Any CPU
		{1DAB9140-413A-4BD0-9165-63D32102E4D3}.Release|Any CPU.Build.0 = Release|Any CPU
		{8174E378-68CC-48C9-B63E-DEB7CC10ED37}.Debug|Any CPU.ActiveCfg = Debug|Any CPU
		{8174E378-68CC-48C9-B63E-DEB7CC10ED37}.Debug|Any CPU.Build.0 = Debug|Any CPU
		{8174E378-68CC-48C9-B63E-DEB7CC10ED37}.Release|Any CPU.ActiveCfg = Release|Any CPU
		{8174E378-68CC-48C9-B63E-DEB7CC10ED37}.Release|Any CPU.Build.0 = Release|Any CPU
		{DEAC084D-24B8-4FEA-8708-D1DBF4C24AD2}.Debug|Any CPU.ActiveCfg = Debug|Any CPU
		{DEAC084D-24B8-4FEA-8708-D1DBF4C24AD2}.Debug|Any CPU.Build.0 = Debug|Any CPU
		{DEAC084D-24B8-4FEA-8708-D1DBF4C24AD2}.Release|Any CPU.ActiveCfg = Release|Any CPU
		{DEAC084D-24B8-4FEA-8708-D1DBF4C24AD2}.Release|Any CPU.Build.0 = Release|Any CPU
		{5B745540-C371-486F-A268-94D088FF18C6}.Debug|Any CPU.ActiveCfg = Debug|Any CPU
		{5B745540-C371-486F-A268-94D088FF18C6}.Debug|Any CPU.Build.0 = Debug|Any CPU
		{5B745540-C371-486F-A268-94D088FF18C6}.Release|Any CPU.ActiveCfg = Release|Any CPU
		{5B745540-C371-486F-A268-94D088FF18C6}.Release|Any CPU.Build.0 = Release|Any CPU
		{7E618B7E-FC32-4468-90F4-1210AB67F1BC}.Debug|Any CPU.ActiveCfg = Debug|Any CPU
		{7E618B7E-FC32-4468-90F4-1210AB67F1BC}.Debug|Any CPU.Build.0 = Debug|Any CPU
		{7E618B7E-FC32-4468-90F4-1210AB67F1BC}.Release|Any CPU.ActiveCfg = Release|Any CPU
		{7E618B7E-FC32-4468-90F4-1210AB67F1BC}.Release|Any CPU.Build.0 = Release|Any CPU
		{5E4AE9F4-391B-44BC-932E-8B400CEB3DD6}.Debug|Any CPU.ActiveCfg = Debug|Any CPU
		{5E4AE9F4-391B-44BC-932E-8B400CEB3DD6}.Debug|Any CPU.Build.0 = Debug|Any CPU
		{5E4AE9F4-391B-44BC-932E-8B400CEB3DD6}.Release|Any CPU.ActiveCfg = Release|Any CPU
		{5E4AE9F4-391B-44BC-932E-8B400CEB3DD6}.Release|Any CPU.Build.0 = Release|Any CPU
		{A0F801AF-F061-412F-ABAB-74496B847E2D}.Debug|Any CPU.ActiveCfg = Debug|Any CPU
		{A0F801AF-F061-412F-ABAB-74496B847E2D}.Debug|Any CPU.Build.0 = Debug|Any CPU
		{A0F801AF-F061-412F-ABAB-74496B847E2D}.Release|Any CPU.ActiveCfg = Release|Any CPU
		{A0F801AF-F061-412F-ABAB-74496B847E2D}.Release|Any CPU.Build.0 = Release|Any CPU
	EndGlobalSection
	GlobalSection(SolutionProperties) = preSolution
		HideSolutionNode = FALSE
	EndGlobalSection
	GlobalSection(NestedProjects) = preSolution
		{5CAC82EE-4187-4487-9C10-2CF1C4F5BE3C} = {1D9FD142-3A98-43FA-9575-9755D5694F09}
		{B6842449-4F96-4EA6-BA65-F839831A8610} = {1D9FD142-3A98-43FA-9575-9755D5694F09}
		{2CEC108E-BB4F-4831-A412-40C47E153864} = {1D9FD142-3A98-43FA-9575-9755D5694F09}
		{094ABE44-2D26-4250-BA99-08B90918E4C2} = {1D9FD142-3A98-43FA-9575-9755D5694F09}
		{B681BB05-1822-468B-B331-5B2E6A7276B6} = {33CC11BC-A01F-4B00-A53C-32880E941A3E}
		{0C4CB544-1F36-403F-95EE-51255D1B23CB} = {33CC11BC-A01F-4B00-A53C-32880E941A3E}
		{1BC0589E-4D4B-4836-97D0-1E5EB3F30831} = {8661E0DC-2BCA-4812-8B23-4F5B033F9F61}
		{C0E9727B-C010-44C9-90E3-2AC219A2A6FA} = {33CC11BC-A01F-4B00-A53C-32880E941A3E}
		{C5C2B32F-F66F-4BCE-BD2F-EFA25EAEF1DB} = {33CC11BC-A01F-4B00-A53C-32880E941A3E}
		{5DBA89A7-C102-4B81-9141-E12A4D8BA302} = {696716D8-D97B-4DA6-A78E-F389E10134CD}
		{23D5D5BA-4239-4D3C-B24E-FC617FA77B5B} = {696716D8-D97B-4DA6-A78E-F389E10134CD}
		{6CD31215-F2C9-4026-B806-D6C18AF92C10} = {696716D8-D97B-4DA6-A78E-F389E10134CD}
		{E968B798-2639-4C4F-A244-40AAC910570E} = {696716D8-D97B-4DA6-A78E-F389E10134CD}
		{1DAB9140-413A-4BD0-9165-63D32102E4D3} = {33CC11BC-A01F-4B00-A53C-32880E941A3E}
		{8174E378-68CC-48C9-B63E-DEB7CC10ED37} = {8661E0DC-2BCA-4812-8B23-4F5B033F9F61}
		{DEAC084D-24B8-4FEA-8708-D1DBF4C24AD2} = {696716D8-D97B-4DA6-A78E-F389E10134CD}
		{5B745540-C371-486F-A268-94D088FF18C6} = {1D9FD142-3A98-43FA-9575-9755D5694F09}
		{7E618B7E-FC32-4468-90F4-1210AB67F1BC} = {8661E0DC-2BCA-4812-8B23-4F5B033F9F61}
		{5E4AE9F4-391B-44BC-932E-8B400CEB3DD6} = {8661E0DC-2BCA-4812-8B23-4F5B033F9F61}
		{A0F801AF-F061-412F-ABAB-74496B847E2D} = {8661E0DC-2BCA-4812-8B23-4F5B033F9F61}
	EndGlobalSection
	GlobalSection(ExtensibilityGlobals) = postSolution
		SolutionGuid = {58E14BEF-E522-45AA-A013-41A712B124EA}
	EndGlobalSection
EndGlobal
